// !$*UTF8*$!
{
	archiveVersion = 1;
	classes = {
	};
	objectVersion = 56;
	objects = {

/* Begin PBXBuildFile section */
		1D30157B2D91229D005746FC /* AppDelegate.swift in Sources */ = {isa = PBXBuildFile; fileRef = 1D30157A2D91229D005746FC /* AppDelegate.swift */; };
		1D30157D2D91229D005746FC /* SceneDelegate.swift in Sources */ = {isa = PBXBuildFile; fileRef = 1D30157C2D91229D005746FC /* SceneDelegate.swift */; };
		1D30157F2D91229D005746FC /* ConversationViewController.swift in Sources */ = {isa = PBXBuildFile; fileRef = 1D30157E2D91229D005746FC /* ConversationViewController.swift */; };
		1D3015822D91229D005746FC /* Main.storyboard in Resources */ = {isa = PBXBuildFile; fileRef = 1D3015802D91229D005746FC /* Main.storyboard */; };
		1D3015852D91229D005746FC /* Messenger.xcdatamodeld in Sources */ = {isa = PBXBuildFile; fileRef = 1D3015832D91229D005746FC /* Messenger.xcdatamodeld */; };
		1D3015872D9122A1005746FC /* Assets.xcassets in Resources */ = {isa = PBXBuildFile; fileRef = 1D3015862D9122A1005746FC /* Assets.xcassets */; };
		1D30158A2D9122A1005746FC /* LaunchScreen.storyboard in Resources */ = {isa = PBXBuildFile; fileRef = 1D3015882D9122A1005746FC /* LaunchScreen.storyboard */; };
		1D3015982D9139E6005746FC /* RegisterViewController.swift in Sources */ = {isa = PBXBuildFile; fileRef = 1D3015972D9139E6005746FC /* RegisterViewController.swift */; };
		1D30159A2D913A49005746FC /* LoginViewController.swift in Sources */ = {isa = PBXBuildFile; fileRef = 1D3015992D913A49005746FC /* LoginViewController.swift */; };
		1D565BAD2DDDED60008B07A8 /* GoogleService-Info.plist in Resources */ = {isa = PBXBuildFile; fileRef = 1D565BAC2DDDED60008B07A8 /* GoogleService-Info.plist */; };
		1D565BB02DDDEF6A008B07A8 /* FirebaseAnalytics in Frameworks */ = {isa = PBXBuildFile; productRef = 1D565BAF2DDDEF6A008B07A8 /* FirebaseAnalytics */; };
		1D565BB22DDDEF6A008B07A8 /* FirebaseAnalyticsOnDeviceConversion in Frameworks */ = {isa = PBXBuildFile; productRef = 1D565BB12DDDEF6A008B07A8 /* FirebaseAnalyticsOnDeviceConversion */; };
		1D565BB42DDDEF6A008B07A8 /* FirebaseAnalyticsSwift in Frameworks */ = {isa = PBXBuildFile; productRef = 1D565BB32DDDEF6A008B07A8 /* FirebaseAnalyticsSwift */; };
		1D565BB62DDDEF6A008B07A8 /* FirebaseAnalyticsWithoutAdIdSupport in Frameworks */ = {isa = PBXBuildFile; productRef = 1D565BB52DDDEF6A008B07A8 /* FirebaseAnalyticsWithoutAdIdSupport */; };
		1D565BB82DDDEF6A008B07A8 /* FirebaseAppCheck in Frameworks */ = {isa = PBXBuildFile; productRef = 1D565BB72DDDEF6A008B07A8 /* FirebaseAppCheck */; };
		1D565BBA2DDDEF6A008B07A8 /* FirebaseAppDistribution-Beta in Frameworks */ = {isa = PBXBuildFile; productRef = 1D565BB92DDDEF6A008B07A8 /* FirebaseAppDistribution-Beta */; };
		1D565BBC2DDDEF6A008B07A8 /* FirebaseAuth in Frameworks */ = {isa = PBXBuildFile; productRef = 1D565BBB2DDDEF6A008B07A8 /* FirebaseAuth */; };
		1D565BBE2DDDEF6A008B07A8 /* FirebaseAuthCombine-Community in Frameworks */ = {isa = PBXBuildFile; productRef = 1D565BBD2DDDEF6A008B07A8 /* FirebaseAuthCombine-Community */; };
		1D565BC02DDDEF6A008B07A8 /* FirebaseCrashlytics in Frameworks */ = {isa = PBXBuildFile; productRef = 1D565BBF2DDDEF6A008B07A8 /* FirebaseCrashlytics */; };
		1D565BC22DDDEF6A008B07A8 /* FirebaseDatabase in Frameworks */ = {isa = PBXBuildFile; productRef = 1D565BC12DDDEF6A008B07A8 /* FirebaseDatabase */; };
		1D565BC42DDDEF6A008B07A8 /* FirebaseDatabaseSwift in Frameworks */ = {isa = PBXBuildFile; productRef = 1D565BC32DDDEF6A008B07A8 /* FirebaseDatabaseSwift */; };
		1D565BC62DDDEF6A008B07A8 /* FirebaseDynamicLinks in Frameworks */ = {isa = PBXBuildFile; productRef = 1D565BC52DDDEF6A008B07A8 /* FirebaseDynamicLinks */; };
		1D565BC82DDDEF6A008B07A8 /* FirebaseFirestore in Frameworks */ = {isa = PBXBuildFile; productRef = 1D565BC72DDDEF6A008B07A8 /* FirebaseFirestore */; };
		1D565BCA2DDDEF6A008B07A8 /* FirebaseFirestoreCombine-Community in Frameworks */ = {isa = PBXBuildFile; productRef = 1D565BC92DDDEF6A008B07A8 /* FirebaseFirestoreCombine-Community */; };
		1D565BCC2DDDEF6A008B07A8 /* FirebaseFirestoreSwift in Frameworks */ = {isa = PBXBuildFile; productRef = 1D565BCB2DDDEF6A008B07A8 /* FirebaseFirestoreSwift */; };
		1D565BCE2DDDEF6A008B07A8 /* FirebaseFunctions in Frameworks */ = {isa = PBXBuildFile; productRef = 1D565BCD2DDDEF6A008B07A8 /* FirebaseFunctions */; };
		1D565BD02DDDEF6A008B07A8 /* FirebaseFunctionsCombine-Community in Frameworks */ = {isa = PBXBuildFile; productRef = 1D565BCF2DDDEF6A008B07A8 /* FirebaseFunctionsCombine-Community */; };
		1D565BD22DDDEF6A008B07A8 /* FirebaseInAppMessaging-Beta in Frameworks */ = {isa = PBXBuildFile; productRef = 1D565BD12DDDEF6A008B07A8 /* FirebaseInAppMessaging-Beta */; };
		1D565BD42DDDEF6A008B07A8 /* FirebaseInAppMessagingSwift-Beta in Frameworks */ = {isa = PBXBuildFile; productRef = 1D565BD32DDDEF6A008B07A8 /* FirebaseInAppMessagingSwift-Beta */; };
		1D565BD62DDDEF6A008B07A8 /* FirebaseInstallations in Frameworks */ = {isa = PBXBuildFile; productRef = 1D565BD52DDDEF6A008B07A8 /* FirebaseInstallations */; };
		1D565BD82DDDEF6A008B07A8 /* FirebaseMLModelDownloader in Frameworks */ = {isa = PBXBuildFile; productRef = 1D565BD72DDDEF6A008B07A8 /* FirebaseMLModelDownloader */; };
		1D565BDA2DDDEF6A008B07A8 /* FirebaseMessaging in Frameworks */ = {isa = PBXBuildFile; productRef = 1D565BD92DDDEF6A008B07A8 /* FirebaseMessaging */; };
		1D565BDC2DDDEF6A008B07A8 /* FirebasePerformance in Frameworks */ = {isa = PBXBuildFile; productRef = 1D565BDB2DDDEF6A008B07A8 /* FirebasePerformance */; };
		1D565BDE2DDDEF6A008B07A8 /* FirebaseRemoteConfig in Frameworks */ = {isa = PBXBuildFile; productRef = 1D565BDD2DDDEF6A008B07A8 /* FirebaseRemoteConfig */; };
		1D565BE02DDDEF6A008B07A8 /* FirebaseRemoteConfigSwift in Frameworks */ = {isa = PBXBuildFile; productRef = 1D565BDF2DDDEF6A008B07A8 /* FirebaseRemoteConfigSwift */; };
		1D565BE22DDDEF6A008B07A8 /* FirebaseStorage in Frameworks */ = {isa = PBXBuildFile; productRef = 1D565BE12DDDEF6A008B07A8 /* FirebaseStorage */; };
		1D565BE42DDDEF6A008B07A8 /* FirebaseStorageCombine-Community in Frameworks */ = {isa = PBXBuildFile; productRef = 1D565BE32DDDEF6A008B07A8 /* FirebaseStorageCombine-Community */; };
/* End PBXBuildFile section */

/* Begin PBXFileReference section */
		1D3015772D91229D005746FC /* Messenger.app */ = {isa = PBXFileReference; explicitFileType = wrapper.application; includeInIndex = 0; path = Messenger.app; sourceTree = BUILT_PRODUCTS_DIR; };
		1D30157A2D91229D005746FC /* AppDelegate.swift */ = {isa = PBXFileReference; lastKnownFileType = sourcecode.swift; path = AppDelegate.swift; sourceTree = "<group>"; };
		1D30157C2D91229D005746FC /* SceneDelegate.swift */ = {isa = PBXFileReference; lastKnownFileType = sourcecode.swift; path = SceneDelegate.swift; sourceTree = "<group>"; };
		1D30157E2D91229D005746FC /* ConversationViewController.swift */ = {isa = PBXFileReference; lastKnownFileType = sourcecode.swift; path = ConversationViewController.swift; sourceTree = "<group>"; };
		1D3015812D91229D005746FC /* Base */ = {isa = PBXFileReference; lastKnownFileType = file.storyboard; name = Base; path = Base.lproj/Main.storyboard; sourceTree = "<group>"; };
		1D3015842D91229D005746FC /* Messenger.xcdatamodel */ = {isa = PBXFileReference; lastKnownFileType = wrapper.xcdatamodel; path = Messenger.xcdatamodel; sourceTree = "<group>"; };
		1D3015862D9122A1005746FC /* Assets.xcassets */ = {isa = PBXFileReference; lastKnownFileType = folder.assetcatalog; path = Assets.xcassets; sourceTree = "<group>"; };
		1D3015892D9122A1005746FC /* Base */ = {isa = PBXFileReference; lastKnownFileType = file.storyboard; name = Base; path = Base.lproj/LaunchScreen.storyboard; sourceTree = "<group>"; };
		1D30158B2D9122A1005746FC /* Info.plist */ = {isa = PBXFileReference; lastKnownFileType = text.plist.xml; path = Info.plist; sourceTree = "<group>"; };
		1D3015972D9139E6005746FC /* RegisterViewController.swift */ = {isa = PBXFileReference; lastKnownFileType = sourcecode.swift; path = RegisterViewController.swift; sourceTree = "<group>"; };
		1D3015992D913A49005746FC /* LoginViewController.swift */ = {isa = PBXFileReference; lastKnownFileType = sourcecode.swift; path = LoginViewController.swift; sourceTree = "<group>"; };
		1D565BAC2DDDED60008B07A8 /* GoogleService-Info.plist */ = {isa = PBXFileReference; fileEncoding = 4; lastKnownFileType = text.plist.xml; name = "GoogleService-Info.plist"; path = "../../../Downloads/GoogleService-Info.plist"; sourceTree = "<group>"; };
/* End PBXFileReference section */

/* Begin PBXFrameworksBuildPhase section */
		1D3015742D91229D005746FC /* Frameworks */ = {
			isa = PBXFrameworksBuildPhase;
			buildActionMask = 2147483647;
			files = (
				1D565BC22DDDEF6A008B07A8 /* FirebaseDatabase in Frameworks */,
				1D565BD02DDDEF6A008B07A8 /* FirebaseFunctionsCombine-Community in Frameworks */,
				1D565BC82DDDEF6A008B07A8 /* FirebaseFirestore in Frameworks */,
				1D565BB42DDDEF6A008B07A8 /* FirebaseAnalyticsSwift in Frameworks */,
				1D565BB02DDDEF6A008B07A8 /* FirebaseAnalytics in Frameworks */,
				1D565BB22DDDEF6A008B07A8 /* FirebaseAnalyticsOnDeviceConversion in Frameworks */,
				1D565BD82DDDEF6A008B07A8 /* FirebaseMLModelDownloader in Frameworks */,
				1D565BCC2DDDEF6A008B07A8 /* FirebaseFirestoreSwift in Frameworks */,
				1D565BB82DDDEF6A008B07A8 /* FirebaseAppCheck in Frameworks */,
				1D565BB62DDDEF6A008B07A8 /* FirebaseAnalyticsWithoutAdIdSupport in Frameworks */,
				1D565BBC2DDDEF6A008B07A8 /* FirebaseAuth in Frameworks */,
				1D565BC02DDDEF6A008B07A8 /* FirebaseCrashlytics in Frameworks */,
				1D565BE02DDDEF6A008B07A8 /* FirebaseRemoteConfigSwift in Frameworks */,
				1D565BD22DDDEF6A008B07A8 /* FirebaseInAppMessaging-Beta in Frameworks */,
				1D565BC42DDDEF6A008B07A8 /* FirebaseDatabaseSwift in Frameworks */,
				1D565BCE2DDDEF6A008B07A8 /* FirebaseFunctions in Frameworks */,
				1D565BE42DDDEF6A008B07A8 /* FirebaseStorageCombine-Community in Frameworks */,
				1D565BDE2DDDEF6A008B07A8 /* FirebaseRemoteConfig in Frameworks */,
				1D565BBA2DDDEF6A008B07A8 /* FirebaseAppDistribution-Beta in Frameworks */,
				1D565BBE2DDDEF6A008B07A8 /* FirebaseAuthCombine-Community in Frameworks */,
				1D565BDC2DDDEF6A008B07A8 /* FirebasePerformance in Frameworks */,
				1D565BD42DDDEF6A008B07A8 /* FirebaseInAppMessagingSwift-Beta in Frameworks */,
				1D565BE22DDDEF6A008B07A8 /* FirebaseStorage in Frameworks */,
				1D565BC62DDDEF6A008B07A8 /* FirebaseDynamicLinks in Frameworks */,
				1D565BCA2DDDEF6A008B07A8 /* FirebaseFirestoreCombine-Community in Frameworks */,
				1D565BDA2DDDEF6A008B07A8 /* FirebaseMessaging in Frameworks */,
				1D565BD62DDDEF6A008B07A8 /* FirebaseInstallations in Frameworks */,
			);
			runOnlyForDeploymentPostprocessing = 0;
		};
/* End PBXFrameworksBuildPhase section */

/* Begin PBXGroup section */
		1D30156E2D91229D005746FC = {
			isa = PBXGroup;
			children = (
				1D3015792D91229D005746FC /* Messenger */,
				1D3015782D91229D005746FC /* Products */,
			);
			sourceTree = "<group>";
		};
		1D3015782D91229D005746FC /* Products */ = {
			isa = PBXGroup;
			children = (
				1D3015772D91229D005746FC /* Messenger.app */,
			);
			name = Products;
			sourceTree = "<group>";
		};
		1D3015792D91229D005746FC /* Messenger */ = {
			isa = PBXGroup;
			children = (
				1D3015952D913841005746FC /* Resources */,
				1D3015942D91383D005746FC /* View Models */,
				1D3015932D91383A005746FC /* Models */,
				1D3015922D913836005746FC /* Views */,
				1D3015912D913832005746FC /* Controllers */,
				1D30158B2D9122A1005746FC /* Info.plist */,
				1D565BAC2DDDED60008B07A8 /* GoogleService-Info.plist */,
				1D3015832D91229D005746FC /* Messenger.xcdatamodeld */,
			);
			path = Messenger;
			sourceTree = "<group>";
		};
		1D3015912D913832005746FC /* Controllers */ = {
			isa = PBXGroup;
			children = (
				1D30157E2D91229D005746FC /* ConversationViewController.swift */,
				1D30159B2D913A58005746FC /* Login */,
			);
			path = Controllers;
			sourceTree = "<group>";
		};
		1D3015922D913836005746FC /* Views */ = {
			isa = PBXGroup;
			children = (
				1D3015962D9138DE005746FC /* Storyboard */,
				1D3015862D9122A1005746FC /* Assets.xcassets */,
			);
			path = Views;
			sourceTree = "<group>";
		};
		1D3015932D91383A005746FC /* Models */ = {
			isa = PBXGroup;
			children = (
			);
			path = Models;
			sourceTree = "<group>";
		};
		1D3015942D91383D005746FC /* View Models */ = {
			isa = PBXGroup;
			children = (
			);
			path = "View Models";
			sourceTree = "<group>";
		};
		1D3015952D913841005746FC /* Resources */ = {
			isa = PBXGroup;
			children = (
				1D30157A2D91229D005746FC /* AppDelegate.swift */,
				1D30157C2D91229D005746FC /* SceneDelegate.swift */,
			);
			path = Resources;
			sourceTree = "<group>";
		};
		1D3015962D9138DE005746FC /* Storyboard */ = {
			isa = PBXGroup;
			children = (
				1D3015802D91229D005746FC /* Main.storyboard */,
				1D3015882D9122A1005746FC /* LaunchScreen.storyboard */,
			);
			path = Storyboard;
			sourceTree = "<group>";
		};
		1D30159B2D913A58005746FC /* Login */ = {
			isa = PBXGroup;
			children = (
				1D3015972D9139E6005746FC /* RegisterViewController.swift */,
				1D3015992D913A49005746FC /* LoginViewController.swift */,
			);
			path = Login;
			sourceTree = "<group>";
		};
/* End PBXGroup section */

/* Begin PBXNativeTarget section */
		1D3015762D91229D005746FC /* Messenger */ = {
			isa = PBXNativeTarget;
			buildConfigurationList = 1D30158E2D9122A1005746FC /* Build configuration list for PBXNativeTarget "Messenger" */;
			buildPhases = (
				1D3015732D91229D005746FC /* Sources */,
				1D3015742D91229D005746FC /* Frameworks */,
				1D3015752D91229D005746FC /* Resources */,
			);
			buildRules = (
			);
			dependencies = (
			);
			name = Messenger;
			packageProductDependencies = (
				1D565BAF2DDDEF6A008B07A8 /* FirebaseAnalytics */,
				1D565BB12DDDEF6A008B07A8 /* FirebaseAnalyticsOnDeviceConversion */,
				1D565BB32DDDEF6A008B07A8 /* FirebaseAnalyticsSwift */,
				1D565BB52DDDEF6A008B07A8 /* FirebaseAnalyticsWithoutAdIdSupport */,
				1D565BB72DDDEF6A008B07A8 /* FirebaseAppCheck */,
				1D565BB92DDDEF6A008B07A8 /* FirebaseAppDistribution-Beta */,
				1D565BBB2DDDEF6A008B07A8 /* FirebaseAuth */,
				1D565BBD2DDDEF6A008B07A8 /* FirebaseAuthCombine-Community */,
				1D565BBF2DDDEF6A008B07A8 /* FirebaseCrashlytics */,
				1D565BC12DDDEF6A008B07A8 /* FirebaseDatabase */,
				1D565BC32DDDEF6A008B07A8 /* FirebaseDatabaseSwift */,
				1D565BC52DDDEF6A008B07A8 /* FirebaseDynamicLinks */,
				1D565BC72DDDEF6A008B07A8 /* FirebaseFirestore */,
				1D565BC92DDDEF6A008B07A8 /* FirebaseFirestoreCombine-Community */,
				1D565BCB2DDDEF6A008B07A8 /* FirebaseFirestoreSwift */,
				1D565BCD2DDDEF6A008B07A8 /* FirebaseFunctions */,
				1D565BCF2DDDEF6A008B07A8 /* FirebaseFunctionsCombine-Community */,
				1D565BD12DDDEF6A008B07A8 /* FirebaseInAppMessaging-Beta */,
				1D565BD32DDDEF6A008B07A8 /* FirebaseInAppMessagingSwift-Beta */,
				1D565BD52DDDEF6A008B07A8 /* FirebaseInstallations */,
				1D565BD72DDDEF6A008B07A8 /* FirebaseMLModelDownloader */,
				1D565BD92DDDEF6A008B07A8 /* FirebaseMessaging */,
				1D565BDB2DDDEF6A008B07A8 /* FirebasePerformance */,
				1D565BDD2DDDEF6A008B07A8 /* FirebaseRemoteConfig */,
				1D565BDF2DDDEF6A008B07A8 /* FirebaseRemoteConfigSwift */,
				1D565BE12DDDEF6A008B07A8 /* FirebaseStorage */,
				1D565BE32DDDEF6A008B07A8 /* FirebaseStorageCombine-Community */,
			);
			productName = Messenger;
			productReference = 1D3015772D91229D005746FC /* Messenger.app */;
			productType = "com.apple.product-type.application";
		};
/* End PBXNativeTarget section */

/* Begin PBXProject section */
		1D30156F2D91229D005746FC /* Project object */ = {
			isa = PBXProject;
			attributes = {
				BuildIndependentTargetsInParallel = 1;
				LastSwiftUpdateCheck = 1420;
				LastUpgradeCheck = 1420;
				TargetAttributes = {
					1D3015762D91229D005746FC = {
						CreatedOnToolsVersion = 14.2;
					};
				};
			};
			buildConfigurationList = 1D3015722D91229D005746FC /* Build configuration list for PBXProject "Messenger" */;
			compatibilityVersion = "Xcode 14.0";
			developmentRegion = en;
			hasScannedForEncodings = 0;
			knownRegions = (
				en,
				Base,
			);
			mainGroup = 1D30156E2D91229D005746FC;
			packageReferences = (
				1D565BAE2DDDEF6A008B07A8 /* XCRemoteSwiftPackageReference "firebase-ios-sdk" */,
			);
			productRefGroup = 1D3015782D91229D005746FC /* Products */;
			projectDirPath = "";
			projectRoot = "";
			targets = (
				1D3015762D91229D005746FC /* Messenger */,
			);
		};
/* End PBXProject section */

/* Begin PBXResourcesBuildPhase section */
		1D3015752D91229D005746FC /* Resources */ = {
			isa = PBXResourcesBuildPhase;
			buildActionMask = 2147483647;
			files = (
				1D30158A2D9122A1005746FC /* LaunchScreen.storyboard in Resources */,
				1D565BAD2DDDED60008B07A8 /* GoogleService-Info.plist in Resources */,
				1D3015872D9122A1005746FC /* Assets.xcassets in Resources */,
				1D3015822D91229D005746FC /* Main.storyboard in Resources */,
			);
			runOnlyForDeploymentPostprocessing = 0;
		};
/* End PBXResourcesBuildPhase section */

/* Begin PBXSourcesBuildPhase section */
		1D3015732D91229D005746FC /* Sources */ = {
			isa = PBXSourcesBuildPhase;
			buildActionMask = 2147483647;
			files = (
				1D30159A2D913A49005746FC /* LoginViewController.swift in Sources */,
				1D30157F2D91229D005746FC /* ConversationViewController.swift in Sources */,
				1D3015982D9139E6005746FC /* RegisterViewController.swift in Sources */,
				1D30157B2D91229D005746FC /* AppDelegate.swift in Sources */,
				1D30157D2D91229D005746FC /* SceneDelegate.swift in Sources */,
				1D3015852D91229D005746FC /* Messenger.xcdatamodeld in Sources */,
			);
			runOnlyForDeploymentPostprocessing = 0;
		};
/* End PBXSourcesBuildPhase section */

/* Begin PBXVariantGroup section */
		1D3015802D91229D005746FC /* Main.storyboard */ = {
			isa = PBXVariantGroup;
			children = (
				1D3015812D91229D005746FC /* Base */,
			);
			name = Main.storyboard;
			sourceTree = "<group>";
		};
		1D3015882D9122A1005746FC /* LaunchScreen.storyboard */ = {
			isa = PBXVariantGroup;
			children = (
				1D3015892D9122A1005746FC /* Base */,
			);
			name = LaunchScreen.storyboard;
			sourceTree = "<group>";
		};
/* End PBXVariantGroup section */

/* Begin XCBuildConfiguration section */
		1D30158C2D9122A1005746FC /* Debug */ = {
			isa = XCBuildConfiguration;
			buildSettings = {
				ALWAYS_SEARCH_USER_PATHS = NO;
				CLANG_ANALYZER_NONNULL = YES;
				CLANG_ANALYZER_NUMBER_OBJECT_CONVERSION = YES_AGGRESSIVE;
				CLANG_CXX_LANGUAGE_STANDARD = "gnu++20";
				CLANG_ENABLE_MODULES = YES;
				CLANG_ENABLE_OBJC_ARC = YES;
				CLANG_ENABLE_OBJC_WEAK = YES;
				CLANG_WARN_BLOCK_CAPTURE_AUTORELEASING = YES;
				CLANG_WARN_BOOL_CONVERSION = YES;
				CLANG_WARN_COMMA = YES;
				CLANG_WARN_CONSTANT_CONVERSION = YES;
				CLANG_WARN_DEPRECATED_OBJC_IMPLEMENTATIONS = YES;
				CLANG_WARN_DIRECT_OBJC_ISA_USAGE = YES_ERROR;
				CLANG_WARN_DOCUMENTATION_COMMENTS = YES;
				CLANG_WARN_EMPTY_BODY = YES;
				CLANG_WARN_ENUM_CONVERSION = YES;
				CLANG_WARN_INFINITE_RECURSION = YES;
				CLANG_WARN_INT_CONVERSION = YES;
				CLANG_WARN_NON_LITERAL_NULL_CONVERSION = YES;
				CLANG_WARN_OBJC_IMPLICIT_RETAIN_SELF = YES;
				CLANG_WARN_OBJC_LITERAL_CONVERSION = YES;
				CLANG_WARN_OBJC_ROOT_CLASS = YES_ERROR;
				CLANG_WARN_QUOTED_INCLUDE_IN_FRAMEWORK_HEADER = YES;
				CLANG_WARN_RANGE_LOOP_ANALYSIS = YES;
				CLANG_WARN_STRICT_PROTOTYPES = YES;
				CLANG_WARN_SUSPICIOUS_MOVE = YES;
				CLANG_WARN_UNGUARDED_AVAILABILITY = YES_AGGRESSIVE;
				CLANG_WARN_UNREACHABLE_CODE = YES;
				CLANG_WARN__DUPLICATE_METHOD_MATCH = YES;
				COPY_PHASE_STRIP = NO;
				DEBUG_INFORMATION_FORMAT = dwarf;
				ENABLE_STRICT_OBJC_MSGSEND = YES;
				ENABLE_TESTABILITY = YES;
				GCC_C_LANGUAGE_STANDARD = gnu11;
				GCC_DYNAMIC_NO_PIC = NO;
				GCC_NO_COMMON_BLOCKS = YES;
				GCC_OPTIMIZATION_LEVEL = 0;
				GCC_PREPROCESSOR_DEFINITIONS = (
					"DEBUG=1",
					"$(inherited)",
				);
				GCC_WARN_64_TO_32_BIT_CONVERSION = YES;
				GCC_WARN_ABOUT_RETURN_TYPE = YES_ERROR;
				GCC_WARN_UNDECLARED_SELECTOR = YES;
				GCC_WARN_UNINITIALIZED_AUTOS = YES_AGGRESSIVE;
				GCC_WARN_UNUSED_FUNCTION = YES;
				GCC_WARN_UNUSED_VARIABLE = YES;
				IPHONEOS_DEPLOYMENT_TARGET = 16.2;
				MTL_ENABLE_DEBUG_INFO = INCLUDE_SOURCE;
				MTL_FAST_MATH = YES;
				ONLY_ACTIVE_ARCH = YES;
				SDKROOT = iphoneos;
				SWIFT_ACTIVE_COMPILATION_CONDITIONS = DEBUG;
				SWIFT_OPTIMIZATION_LEVEL = "-Onone";
			};
			name = Debug;
		};
		1D30158D2D9122A1005746FC /* Release */ = {
			isa = XCBuildConfiguration;
			buildSettings = {
				ALWAYS_SEARCH_USER_PATHS = NO;
				CLANG_ANALYZER_NONNULL = YES;
				CLANG_ANALYZER_NUMBER_OBJECT_CONVERSION = YES_AGGRESSIVE;
				CLANG_CXX_LANGUAGE_STANDARD = "gnu++20";
				CLANG_ENABLE_MODULES = YES;
				CLANG_ENABLE_OBJC_ARC = YES;
				CLANG_ENABLE_OBJC_WEAK = YES;
				CLANG_WARN_BLOCK_CAPTURE_AUTORELEASING = YES;
				CLANG_WARN_BOOL_CONVERSION = YES;
				CLANG_WARN_COMMA = YES;
				CLANG_WARN_CONSTANT_CONVERSION = YES;
				CLANG_WARN_DEPRECATED_OBJC_IMPLEMENTATIONS = YES;
				CLANG_WARN_DIRECT_OBJC_ISA_USAGE = YES_ERROR;
				CLANG_WARN_DOCUMENTATION_COMMENTS = YES;
				CLANG_WARN_EMPTY_BODY = YES;
				CLANG_WARN_ENUM_CONVERSION = YES;
				CLANG_WARN_INFINITE_RECURSION = YES;
				CLANG_WARN_INT_CONVERSION = YES;
				CLANG_WARN_NON_LITERAL_NULL_CONVERSION = YES;
				CLANG_WARN_OBJC_IMPLICIT_RETAIN_SELF = YES;
				CLANG_WARN_OBJC_LITERAL_CONVERSION = YES;
				CLANG_WARN_OBJC_ROOT_CLASS = YES_ERROR;
				CLANG_WARN_QUOTED_INCLUDE_IN_FRAMEWORK_HEADER = YES;
				CLANG_WARN_RANGE_LOOP_ANALYSIS = YES;
				CLANG_WARN_STRICT_PROTOTYPES = YES;
				CLANG_WARN_SUSPICIOUS_MOVE = YES;
				CLANG_WARN_UNGUARDED_AVAILABILITY = YES_AGGRESSIVE;
				CLANG_WARN_UNREACHABLE_CODE = YES;
				CLANG_WARN__DUPLICATE_METHOD_MATCH = YES;
				COPY_PHASE_STRIP = NO;
				DEBUG_INFORMATION_FORMAT = "dwarf-with-dsym";
				ENABLE_NS_ASSERTIONS = NO;
				ENABLE_STRICT_OBJC_MSGSEND = YES;
				GCC_C_LANGUAGE_STANDARD = gnu11;
				GCC_NO_COMMON_BLOCKS = YES;
				GCC_WARN_64_TO_32_BIT_CONVERSION = YES;
				GCC_WARN_ABOUT_RETURN_TYPE = YES_ERROR;
				GCC_WARN_UNDECLARED_SELECTOR = YES;
				GCC_WARN_UNINITIALIZED_AUTOS = YES_AGGRESSIVE;
				GCC_WARN_UNUSED_FUNCTION = YES;
				GCC_WARN_UNUSED_VARIABLE = YES;
				IPHONEOS_DEPLOYMENT_TARGET = 16.2;
				MTL_ENABLE_DEBUG_INFO = NO;
				MTL_FAST_MATH = YES;
				SDKROOT = iphoneos;
				SWIFT_COMPILATION_MODE = wholemodule;
				SWIFT_OPTIMIZATION_LEVEL = "-O";
				VALIDATE_PRODUCT = YES;
			};
			name = Release;
		};
		1D30158F2D9122A1005746FC /* Debug */ = {
			isa = XCBuildConfiguration;
			buildSettings = {
				ASSETCATALOG_COMPILER_APPICON_NAME = AppIcon;
				ASSETCATALOG_COMPILER_GLOBAL_ACCENT_COLOR_NAME = AccentColor;
				CODE_SIGN_STYLE = Automatic;
				CURRENT_PROJECT_VERSION = 1;
				DEVELOPMENT_TEAM = NV994A6BTV;
				GENERATE_INFOPLIST_FILE = YES;
				INFOPLIST_FILE = Messenger/Info.plist;
				INFOPLIST_KEY_UIApplicationSupportsIndirectInputEvents = YES;
				INFOPLIST_KEY_UILaunchStoryboardName = LaunchScreen;
				INFOPLIST_KEY_UIMainStoryboardFile = Main;
				INFOPLIST_KEY_UISupportedInterfaceOrientations_iPad = "UIInterfaceOrientationPortrait UIInterfaceOrientationPortraitUpsideDown UIInterfaceOrientationLandscapeLeft UIInterfaceOrientationLandscapeRight";
				INFOPLIST_KEY_UISupportedInterfaceOrientations_iPhone = "UIInterfaceOrientationPortrait UIInterfaceOrientationLandscapeLeft UIInterfaceOrientationLandscapeRight";
				LD_RUNPATH_SEARCH_PATHS = (
					"$(inherited)",
					"@executable_path/Frameworks",
				);
				MARKETING_VERSION = 1.0;
				PRODUCT_BUNDLE_IDENTIFIER = Vaishnavi.Messenger;
				PRODUCT_NAME = "$(TARGET_NAME)";
				SWIFT_EMIT_LOC_STRINGS = YES;
				SWIFT_VERSION = 5.0;
				TARGETED_DEVICE_FAMILY = "1,2";
			};
			name = Debug;
		};
		1D3015902D9122A1005746FC /* Release */ = {
			isa = XCBuildConfiguration;
			buildSettings = {
				ASSETCATALOG_COMPILER_APPICON_NAME = AppIcon;
				ASSETCATALOG_COMPILER_GLOBAL_ACCENT_COLOR_NAME = AccentColor;
				CODE_SIGN_STYLE = Automatic;
				CURRENT_PROJECT_VERSION = 1;
				DEVELOPMENT_TEAM = NV994A6BTV;
				GENERATE_INFOPLIST_FILE = YES;
				INFOPLIST_FILE = Messenger/Info.plist;
				INFOPLIST_KEY_UIApplicationSupportsIndirectInputEvents = YES;
				INFOPLIST_KEY_UILaunchStoryboardName = LaunchScreen;
				INFOPLIST_KEY_UIMainStoryboardFile = Main;
				INFOPLIST_KEY_UISupportedInterfaceOrientations_iPad = "UIInterfaceOrientationPortrait UIInterfaceOrientationPortraitUpsideDown UIInterfaceOrientationLandscapeLeft UIInterfaceOrientationLandscapeRight";
				INFOPLIST_KEY_UISupportedInterfaceOrientations_iPhone = "UIInterfaceOrientationPortrait UIInterfaceOrientationLandscapeLeft UIInterfaceOrientationLandscapeRight";
				LD_RUNPATH_SEARCH_PATHS = (
					"$(inherited)",
					"@executable_path/Frameworks",
				);
				MARKETING_VERSION = 1.0;
				PRODUCT_BUNDLE_IDENTIFIER = Vaishnavi.Messenger;
				PRODUCT_NAME = "$(TARGET_NAME)";
				SWIFT_EMIT_LOC_STRINGS = YES;
				SWIFT_VERSION = 5.0;
				TARGETED_DEVICE_FAMILY = "1,2";
			};
			name = Release;
		};
/* End XCBuildConfiguration section */

/* Begin XCConfigurationList section */
		1D3015722D91229D005746FC /* Build configuration list for PBXProject "Messenger" */ = {
			isa = XCConfigurationList;
			buildConfigurations = (
				1D30158C2D9122A1005746FC /* Debug */,
				1D30158D2D9122A1005746FC /* Release */,
			);
			defaultConfigurationIsVisible = 0;
			defaultConfigurationName = Release;
		};
		1D30158E2D9122A1005746FC /* Build configuration list for PBXNativeTarget "Messenger" */ = {
			isa = XCConfigurationList;
			buildConfigurations = (
				1D30158F2D9122A1005746FC /* Debug */,
				1D3015902D9122A1005746FC /* Release */,
			);
			defaultConfigurationIsVisible = 0;
			defaultConfigurationName = Release;
		};
/* End XCConfigurationList section */

/* Begin XCRemoteSwiftPackageReference section */
		1D565BAE2DDDEF6A008B07A8 /* XCRemoteSwiftPackageReference "firebase-ios-sdk" */ = {
			isa = XCRemoteSwiftPackageReference;
			repositoryURL = "https://github.com/firebase/firebase-ios-sdk";
			requirement = {
				kind = upToNextMajorVersion;
				minimumVersion = 9.0.0;
			};
		};
/* End XCRemoteSwiftPackageReference section */

/* Begin XCSwiftPackageProductDependency section */
		1D565BAF2DDDEF6A008B07A8 /* FirebaseAnalytics */ = {
			isa = XCSwiftPackageProductDependency;
			package = 1D565BAE2DDDEF6A008B07A8 /* XCRemoteSwiftPackageReference "firebase-ios-sdk" */;
			productName = FirebaseAnalytics;
		};
		1D565BB12DDDEF6A008B07A8 /* FirebaseAnalyticsOnDeviceConversion */ = {
			isa = XCSwiftPackageProductDependency;
			package = 1D565BAE2DDDEF6A008B07A8 /* XCRemoteSwiftPackageReference "firebase-ios-sdk" */;
			productName = FirebaseAnalyticsOnDeviceConversion;
		};
		1D565BB32DDDEF6A008B07A8 /* FirebaseAnalyticsSwift */ = {
			isa = XCSwiftPackageProductDependency;
			package = 1D565BAE2DDDEF6A008B07A8 /* XCRemoteSwiftPackageReference "firebase-ios-sdk" */;
			productName = FirebaseAnalyticsSwift;
		};
		1D565BB52DDDEF6A008B07A8 /* FirebaseAnalyticsWithoutAdIdSupport */ = {
			isa = XCSwiftPackageProductDependency;
			package = 1D565BAE2DDDEF6A008B07A8 /* XCRemoteSwiftPackageReference "firebase-ios-sdk" */;
			productName = FirebaseAnalyticsWithoutAdIdSupport;
		};
		1D565BB72DDDEF6A008B07A8 /* FirebaseAppCheck */ = {
			isa = XCSwiftPackageProductDependency;
			package = 1D565BAE2DDDEF6A008B07A8 /* XCRemoteSwiftPackageReference "firebase-ios-sdk" */;
			productName = FirebaseAppCheck;
		};
		1D565BB92DDDEF6A008B07A8 /* FirebaseAppDistribution-Beta */ = {
			isa = XCSwiftPackageProductDependency;
			package = 1D565BAE2DDDEF6A008B07A8 /* XCRemoteSwiftPackageReference "firebase-ios-sdk" */;
			productName = "FirebaseAppDistribution-Beta";
		};
		1D565BBB2DDDEF6A008B07A8 /* FirebaseAuth */ = {
			isa = XCSwiftPackageProductDependency;
			package = 1D565BAE2DDDEF6A008B07A8 /* XCRemoteSwiftPackageReference "firebase-ios-sdk" */;
			productName = FirebaseAuth;
		};
		1D565BBD2DDDEF6A008B07A8 /* FirebaseAuthCombine-Community */ = {
			isa = XCSwiftPackageProductDependency;
			package = 1D565BAE2DDDEF6A008B07A8 /* XCRemoteSwiftPackageReference "firebase-ios-sdk" */;
			productName = "FirebaseAuthCombine-Community";
		};
		1D565BBF2DDDEF6A008B07A8 /* FirebaseCrashlytics */ = {
			isa = XCSwiftPackageProductDependency;
			package = 1D565BAE2DDDEF6A008B07A8 /* XCRemoteSwiftPackageReference "firebase-ios-sdk" */;
			productName = FirebaseCrashlytics;
		};
		1D565BC12DDDEF6A008B07A8 /* FirebaseDatabase */ = {
			isa = XCSwiftPackageProductDependency;
			package = 1D565BAE2DDDEF6A008B07A8 /* XCRemoteSwiftPackageReference "firebase-ios-sdk" */;
			productName = FirebaseDatabase;
		};
		1D565BC32DDDEF6A008B07A8 /* FirebaseDatabaseSwift */ = {
			isa = XCSwiftPackageProductDependency;
			package = 1D565BAE2DDDEF6A008B07A8 /* XCRemoteSwiftPackageReference "firebase-ios-sdk" */;
			productName = FirebaseDatabaseSwift;
		};
		1D565BC52DDDEF6A008B07A8 /* FirebaseDynamicLinks */ = {
			isa = XCSwiftPackageProductDependency;
			package = 1D565BAE2DDDEF6A008B07A8 /* XCRemoteSwiftPackageReference "firebase-ios-sdk" */;
			productName = FirebaseDynamicLinks;
		};
		1D565BC72DDDEF6A008B07A8 /* FirebaseFirestore */ = {
			isa = XCSwiftPackageProductDependency;
			package = 1D565BAE2DDDEF6A008B07A8 /* XCRemoteSwiftPackageReference "firebase-ios-sdk" */;
			productName = FirebaseFirestore;
		};
		1D565BC92DDDEF6A008B07A8 /* FirebaseFirestoreCombine-Community */ = {
			isa = XCSwiftPackageProductDependency;
			package = 1D565BAE2DDDEF6A008B07A8 /* XCRemoteSwiftPackageReference "firebase-ios-sdk" */;
			productName = "FirebaseFirestoreCombine-Community";
		};
		1D565BCB2DDDEF6A008B07A8 /* FirebaseFirestoreSwift */ = {
			isa = XCSwiftPackageProductDependency;
			package = 1D565BAE2DDDEF6A008B07A8 /* XCRemoteSwiftPackageReference "firebase-ios-sdk" */;
			productName = FirebaseFirestoreSwift;
		};
		1D565BCD2DDDEF6A008B07A8 /* FirebaseFunctions */ = {
			isa = XCSwiftPackageProductDependency;
			package = 1D565BAE2DDDEF6A008B07A8 /* XCRemoteSwiftPackageReference "firebase-ios-sdk" */;
			productName = FirebaseFunctions;
		};
		1D565BCF2DDDEF6A008B07A8 /* FirebaseFunctionsCombine-Community */ = {
			isa = XCSwiftPackageProductDependency;
			package = 1D565BAE2DDDEF6A008B07A8 /* XCRemoteSwiftPackageReference "firebase-ios-sdk" */;
			productName = "FirebaseFunctionsCombine-Community";
		};
		1D565BD12DDDEF6A008B07A8 /* FirebaseInAppMessaging-Beta */ = {
			isa = XCSwiftPackageProductDependency;
			package = 1D565BAE2DDDEF6A008B07A8 /* XCRemoteSwiftPackageReference "firebase-ios-sdk" */;
			productName = "FirebaseInAppMessaging-Beta";
		};
		1D565BD32DDDEF6A008B07A8 /* FirebaseInAppMessagingSwift-Beta */ = {
			isa = XCSwiftPackageProductDependency;
			package = 1D565BAE2DDDEF6A008B07A8 /* XCRemoteSwiftPackageReference "firebase-ios-sdk" */;
			productName = "FirebaseInAppMessagingSwift-Beta";
		};
		1D565BD52DDDEF6A008B07A8 /* FirebaseInstallations */ = {
			isa = XCSwiftPackageProductDependency;
			package = 1D565BAE2DDDEF6A008B07A8 /* XCRemoteSwiftPackageReference "firebase-ios-sdk" */;
			productName = FirebaseInstallations;
		};
		1D565BD72DDDEF6A008B07A8 /* FirebaseMLModelDownloader */ = {
			isa = XCSwiftPackageProductDependency;
			package = 1D565BAE2DDDEF6A008B07A8 /* XCRemoteSwiftPackageReference "firebase-ios-sdk" */;
			productName = FirebaseMLModelDownloader;
		};
		1D565BD92DDDEF6A008B07A8 /* FirebaseMessaging */ = {
			isa = XCSwiftPackageProductDependency;
			package = 1D565BAE2DDDEF6A008B07A8 /* XCRemoteSwiftPackageReference "firebase-ios-sdk" */;
			productName = FirebaseMessaging;
		};
		1D565BDB2DDDEF6A008B07A8 /* FirebasePerformance */ = {
			isa = XCSwiftPackageProductDependency;
			package = 1D565BAE2DDDEF6A008B07A8 /* XCRemoteSwiftPackageReference "firebase-ios-sdk" */;
			productName = FirebasePerformance;
		};
		1D565BDD2DDDEF6A008B07A8 /* FirebaseRemoteConfig */ = {
			isa = XCSwiftPackageProductDependency;
			package = 1D565BAE2DDDEF6A008B07A8 /* XCRemoteSwiftPackageReference "firebase-ios-sdk" */;
			productName = FirebaseRemoteConfig;
		};
		1D565BDF2DDDEF6A008B07A8 /* FirebaseRemoteConfigSwift */ = {
			isa = XCSwiftPackageProductDependency;
			package = 1D565BAE2DDDEF6A008B07A8 /* XCRemoteSwiftPackageReference "firebase-ios-sdk" */;
			productName = FirebaseRemoteConfigSwift;
		};
		1D565BE12DDDEF6A008B07A8 /* FirebaseStorage */ = {
			isa = XCSwiftPackageProductDependency;
			package = 1D565BAE2DDDEF6A008B07A8 /* XCRemoteSwiftPackageReference "firebase-ios-sdk" */;
			productName = FirebaseStorage;
		};
		1D565BE32DDDEF6A008B07A8 /* FirebaseStorageCombine-Community */ = {
			isa = XCSwiftPackageProductDependency;
			package = 1D565BAE2DDDEF6A008B07A8 /* XCRemoteSwiftPackageReference "firebase-ios-sdk" */;
			productName = "FirebaseStorageCombine-Community";
		};
/* End XCSwiftPackageProductDependency section */

/* Begin XCVersionGroup section */
		1D3015832D91229D005746FC /* Messenger.xcdatamodeld */ = {
			isa = XCVersionGroup;
			children = (
				1D3015842D91229D005746FC /* Messenger.xcdatamodel */,
			);
			currentVersion = 1D3015842D91229D005746FC /* Messenger.xcdatamodel */;
			path = Messenger.xcdatamodeld;
			sourceTree = "<group>";
			versionGroupType = wrapper.xcdatamodel;
		};
/* End XCVersionGroup section */
	};
	rootObject = 1D30156F2D91229D005746FC /* Project object */;
}
